
Microsoft Visual Studio Solution File, Format Version 12.00
# Visual Studio Version 17
VisualStudioVersion = 17.14.36616.10 d17.14
MinimumVisualStudioVersion = 10.0.40219.1
Project("{8BC9CEB8-8B4A-11D0-8D11-00A0C91BC942}") = "2.24", "2.24\2.24.vcxproj", "{A66767FE-3474-41CB-A59E-6E00EB3F9C3B}"
EndProject
Global
	GlobalSection(SolutionConfigurationPlatforms) = preSolution
		Debug|x64 = Debug|x64
		Debug|x86 = Debug|x86
		Release|x64 = Release|x64
		Release|x86 = Release|x86
	EndGlobalSection
	GlobalSection(ProjectConfigurationPlatforms) = postSolution
		{A66767FE-3474-41CB-A59E-6E00EB3F9C3B}.Debug|x64.ActiveCfg = Debug|x64
		{A66767FE-3474-41CB-A59E-6E00EB3F9C3B}.Debug|x64.Build.0 = Debug|x64
		{A66767FE-3474-41CB-A59E-6E00EB3F9C3B}.Debug|x86.ActiveCfg = Debug|Win32
		{A66767FE-3474-41CB-A59E-6E00EB3F9C3B}.Debug|x86.Build.0 = Debug|Win32
		{A66767FE-3474-41CB-A59E-6E00EB3F9C3B}.Release|x64.ActiveCfg = Release|x64
		{A66767FE-3474-41CB-A59E-6E00EB3F9C3B}.Release|x64.Build.0 = Release|x64
		{A66767FE-3474-41CB-A59E-6E00EB3F9C3B}.Release|x86.ActiveCfg = Release|Win32
		{A66767FE-3474-41CB-A59E-6E00EB3F9C3B}.Release|x86.Build.0 = Release|Win32
	EndGlobalSection
	GlobalSection(SolutionProperties) = preSolution
		HideSolutionNode = FALSE
	EndGlobalSection
	GlobalSection(ExtensibilityGlobals) = postSolution
		SolutionGuid = {26997B1E-6F80-4523-A96D-8D9F39D93090}
	EndGlobalSection
EndGlobal
